
Microsoft Visual Studio Solution File, Format Version 12.00
# Visual Studio Version 16
VisualStudioVersion = 16.0.30406.217
MinimumVisualStudioVersion = 10.0.40219.1
Project("{FAE04EC0-301F-11D3-BF4B-00C04F79EFBC}") = "TestDialog", "TestDialog\TestDialog.csproj", "{BAB0D2DE-14A3-4A05-A645-27784EF0E640}"
EndProject
Global
	GlobalSection(SolutionConfigurationPlatforms) = preSolution
		Debug|ARM = Debug|ARM
		Debug|ARM64 = Debug|ARM64
		Debug|x64 = Debug|x64
		Debug|x86 = Debug|x86
		Release|ARM = Release|ARM
		Release|ARM64 = Release|ARM64
		Release|x64 = Release|x64
		Release|x86 = Release|x86
	EndGlobalSection
	GlobalSection(ProjectConfigurationPlatforms) = postSolution
		{BAB0D2DE-14A3-4A05-A645-27784EF0E640}.Debug|ARM.ActiveCfg = Debug|ARM
		{BAB0D2DE-14A3-4A05-A645-27784EF0E640}.Debug|ARM.Build.0 = Debug|ARM
		{BAB0D2DE-14A3-4A05-A645-27784EF0E640}.Debug|ARM.Deploy.0 = Debug|ARM
		{BAB0D2DE-14A3-4A05-A645-27784EF0E640}.Debug|ARM64.ActiveCfg = Debug|ARM64
		{BAB0D2DE-14A3-4A05-A645-27784EF0E640}.Debug|ARM64.Build.0 = Debug|ARM64
		{BAB0D2DE-14A3-4A05-A645-27784EF0E640}.Debug|ARM64.Deploy.0 = Debug|ARM64
		{BAB0D2DE-14A3-4A05-A645-27784EF0E640}.Debug|x64.ActiveCfg = Debug|x64
		{BAB0D2DE-14A3-4A05-A645-27784EF0E640}.Debug|x64.Build.0 = Debug|x64
		{BAB0D2DE-14A3-4A05-A645-27784EF0E640}.Debug|x64.Deploy.0 = Debug|x64
		{BAB0D2DE-14A3-4A05-A645-27784EF0E640}.Debug|x86.ActiveCfg = Debug|x86
		{BAB0D2DE-14A3-4A05-A645-27784EF0E640}.Debug|x86.Build.0 = Debug|x86
		{BAB0D2DE-14A3-4A05-A645-27784EF0E640}.Debug|x86.Deploy.0 = Debug|x86
		{BAB0D2DE-14A3-4A05-A645-27784EF0E640}.Release|ARM.ActiveCfg = Release|ARM
		{BAB0D2DE-14A3-4A05-A645-27784EF0E640}.Release|ARM.Build.0 = Release|ARM
		{BAB0D2DE-14A3-4A05-A645-27784EF0E640}.Release|ARM.Deploy.0 = Release|ARM
		{BAB0D2DE-14A3-4A05-A645-27784EF0E640}.Release|ARM64.ActiveCfg = Release|ARM64
		{BAB0D2DE-14A3-4A05-A645-27784EF0E640}.Release|ARM64.Build.0 = Release|ARM64
		{BAB0D2DE-14A3-4A05-A645-27784EF0E640}.Release|ARM64.Deploy.0 = Release|ARM64
		{BAB0D2DE-14A3-4A05-A645-27784EF0E640}.Release|x64.ActiveCfg = Release|x64
		{BAB0D2DE-14A3-4A05-A645-27784EF0E640}.Release|x64.Build.0 = Release|x64
		{BAB0D2DE-14A3-4A05-A645-27784EF0E640}.Release|x64.Deploy.0 = Release|x64
		{BAB0D2DE-14A3-4A05-A645-27784EF0E640}.Release|x86.ActiveCfg = Release|x86
		{BAB0D2DE-14A3-4A05-A645-27784EF0E640}.Release|x86.Build.0 = Release|x86
		{BAB0D2DE-14A3-4A05-A645-27784EF0E640}.Release|x86.Deploy.0 = Release|x86
	EndGlobalSection
	GlobalSection(SolutionProperties) = preSolution
		HideSolutionNode = FALSE
	EndGlobalSection
	GlobalSection(ExtensibilityGlobals) = postSolution
		SolutionGuid = {5B52720B-5D33-4108-9EA2-9C69A0252609}
	EndGlobalSection
EndGlobal
